
Microsoft Visual Studio Solution File, Format Version 12.00
# Visual Studio 15
VisualStudioVersion = 15.0.28307.572
MinimumVisualStudioVersion = 10.0.40219.1
Project("{E24C65DC-7377-472B-9ABA-BC803B73C61A}") = "LandScaping-Two", "LandScaping-Two\", "{6715A5E9-BE27-46E2-BE45-4EA23B049195}"
	ProjectSection(WebsiteProperties) = preProject
		TargetFrameworkMoniker = ".NETFramework,Version%3Dv4.6.1"
		Debug.AspNetCompiler.VirtualPath = "/localhost_62033"
		Debug.AspNetCompiler.PhysicalPath = "LandScaping-Two\"
		Debug.AspNetCompiler.TargetPath = "PrecompiledWeb\localhost_62033\"
		Debug.AspNetCompiler.Updateable = "true"
		Debug.AspNetCompiler.ForceOverwrite = "true"
		Debug.AspNetCompiler.FixedNames = "false"
		Debug.AspNetCompiler.Debug = "True"
		Release.AspNetCompiler.VirtualPath = "/localhost_62033"
		Release.AspNetCompiler.PhysicalPath = "LandScaping-Two\"
		Release.AspNetCompiler.TargetPath = "PrecompiledWeb\localhost_62033\"
		Release.AspNetCompiler.Updateable = "true"
		Release.AspNetCompiler.ForceOverwrite = "true"
		Release.AspNetCompiler.FixedNames = "false"
		Release.AspNetCompiler.Debug = "False"
		VWDPort = "62033"
		SlnRelativePath = "LandScaping-Two\"
		DefaultWebSiteLanguage = "Visual C#"
	EndProjectSection
EndProject
Global
	GlobalSection(SolutionConfigurationPlatforms) = preSolution
		Debug|Any CPU = Debug|Any CPU
	EndGlobalSection
	GlobalSection(ProjectConfigurationPlatforms) = postSolution
		{6715A5E9-BE27-46E2-BE45-4EA23B049195}.Debug|Any CPU.ActiveCfg = Debug|Any CPU
		{6715A5E9-BE27-46E2-BE45-4EA23B049195}.Debug|Any CPU.Build.0 = Debug|Any CPU
	EndGlobalSection
	GlobalSection(SolutionProperties) = preSolution
		HideSolutionNode = FALSE
	EndGlobalSection
	GlobalSection(ExtensibilityGlobals) = postSolution
		SolutionGuid = {6649A198-F956-4151-8E0C-9C9D18704BAA}
	EndGlobalSection
EndGlobal
